<?xml version="1.0" encoding="utf-8"?>
<Project xmlns="http://schemas.microsoft.com/developer/msbuild/2003">
  <ItemGroup>
    <Filter Include="Form Files">
      <UniqueIdentifier>{99349809-55BA-4b9d-BF79-8FDBB0286EB3}</UniqueIdentifier>
      <Extensions>ui</Extensions>
      <ParseFiles>false</ParseFiles>
    </Filter>
    <Filter Include="Form Files">
      <UniqueIdentifier>{99349809-55BA-4b9d-BF79-8FDBB0286EB3}</UniqueIdentifier>
      <Extensions>ui</Extensions>
      <ParseFiles>false</ParseFiles>
    </Filter>
    <Filter Include="Generated Files">
      <UniqueIdentifier>{71ED8ED8-ACB9-4CE9-BBE1-E00B30144E11}</UniqueIdentifier>
      <Extensions>cpp;c;cxx;moc;h;def;odl;idl;res;</Extensions>
    </Filter>
    <Filter Include="Generated Files">
      <UniqueIdentifier>{71ED8ED8-ACB9-4CE9-BBE1-E00B30144E11}</UniqueIdentifier>
      <Extensions>cpp;c;cxx;moc;h;def;odl;idl;res;</Extensions>
    </Filter>
    <Filter Include="Header Files">
      <UniqueIdentifier>{93995380-89BD-4b04-88EB-625FBE52EBFB}</UniqueIdentifier>
      <Extensions>h;hpp;hxx;hm;inl;inc;xsd</Extensions>
    </Filter>
    <Filter Include="Header Files">
      <UniqueIdentifier>{93995380-89BD-4b04-88EB-625FBE52EBFB}</UniqueIdentifier>
      <Extensions>h;hpp;hxx;hm;inl;inc;xsd</Extensions>
    </Filter>
    <Filter Include="Source Files">
      <UniqueIdentifier>{4FC737F1-C7A5-4376-A066-2A32D752A2FF}</UniqueIdentifier>
      <Extensions>cpp;c;cxx;def;odl;idl;hpj;bat;asm;asmx</Extensions>
    </Filter>
    <Filter Include="Source Files">
      <UniqueIdentifier>{4FC737F1-C7A5-4376-A066-2A32D752A2FF}</UniqueIdentifier>
      <Extensions>cpp;c;cxx;def;odl;idl;hpj;bat;asm;asmx</Extensions>
    </Filter>
  </ItemGroup>
  <ItemGroup>
    <ClCompile Include="tool\COMM_APA_Rx_Decode.c">
      <Filter>Source Files</Filter>
    </ClCompile>
    <ClCompile Include="tool\abstracthandle.cpp">
      <Filter>Source Files</Filter>
    </ClCompile>
    <ClCompile Include="model\canmessagemodel.cpp">
      <Filter>Source Files</Filter>
    </ClCompile>
    <ClCompile Include="model\canmessageproxymodel.cpp">
      <Filter>Source Files</Filter>
    </ClCompile>
    <ClCompile Include="tool\decodetools.cpp">
      <Filter>Source Files</Filter>
    </ClCompile>
    <ClCompile Include="emcwidget.cpp">
      <Filter>Source Files</Filter>
    </ClCompile>
    <ClCompile Include="scanmessagewidgt.cpp">
      <Filter>Source Files</Filter>
    </ClCompile>
    <ClCompile Include="sexportplugin.cpp">
      <Filter>Source Files</Filter>
    </ClCompile>
    <ClCompile Include="slistwidgetforlog.cpp">
      <Filter>Source Files</Filter>
    </ClCompile>
    <ClCompile Include="sudswidget.cpp">
      <Filter>Source Files</Filter>
    </ClCompile>
    <ClCompile Include="susbcanwidget.cpp">
      <Filter>Source Files</Filter>
    </ClCompile>
    <ClCompile Include="model\udscanidmapmodel.cpp">
      <Filter>Source Files</Filter>
    </ClCompile>
    <ClCompile Include="tool\udsserver.cpp">
      <Filter>Source Files</Filter>
    </ClCompile>
    <ClCompile Include="tool\udsservertree.cpp">
      <Filter>Source Files</Filter>
    </ClCompile>
    <ClCompile Include="tool\usbinterface.cpp">
      <Filter>Source Files</Filter>
    </ClCompile>
    <ClCompile Include="tool\ycanhandle.cpp">
      <Filter>Source Files</Filter>
    </ClCompile>
    <ClCompile Include="tool\yfileoperation.cpp">
      <Filter>Source Files</Filter>
    </ClCompile>
  </ItemGroup>
  <ItemGroup>
    <ClInclude Include="tool\COMM_APA_Rx_Decode.h">
      <Filter>Header Files</Filter>
    </ClInclude>
    <ClInclude Include="ToolForUDS_global.h">
      <Filter>Header Files</Filter>
    </ClInclude>
    <QtMoc Include="tool\abstracthandle.h">
      <Filter>Header Files</Filter>
    </QtMoc>
    <QtMoc Include="model\canmessagemodel.h">
      <Filter>Header Files</Filter>
    </QtMoc>
    <QtMoc Include="model\canmessageproxymodel.h">
      <Filter>Header Files</Filter>
    </QtMoc>
    <QtMoc Include="tool\decodetools.h">
      <Filter>Header Files</Filter>
    </QtMoc>
    <QtMoc Include="emcwidget.h">
      <Filter>Header Files</Filter>
    </QtMoc>
    <ClInclude Include="tool\rtwtypes.h">
      <Filter>Header Files</Filter>
    </ClInclude>
    <QtMoc Include="scanmessagewidgt.h">
      <Filter>Header Files</Filter>
    </QtMoc>
    <QtMoc Include="sexportplugin.h">
      <Filter>Header Files</Filter>
    </QtMoc>
    <QtMoc Include="slistwidgetforlog.h">
      <Filter>Header Files</Filter>
    </QtMoc>
    <QtMoc Include="sudswidget.h">
      <Filter>Header Files</Filter>
    </QtMoc>
    <QtMoc Include="susbcanwidget.h">
      <Filter>Header Files</Filter>
    </QtMoc>
    <QtMoc Include="model\udscanidmapmodel.h">
      <Filter>Header Files</Filter>
    </QtMoc>
    <QtMoc Include="tool\udsserver.h">
      <Filter>Header Files</Filter>
    </QtMoc>
    <QtMoc Include="tool\udsservertree.h">
      <Filter>Header Files</Filter>
    </QtMoc>
    <ClInclude Include="tool\usbinterface.h">
      <Filter>Header Files</Filter>
    </ClInclude>
    <QtMoc Include="tool\ycanhandle.h">
      <Filter>Header Files</Filter>
    </QtMoc>
    <QtMoc Include="tool\yfileoperation.h">
      <Filter>Header Files</Filter>
    </QtMoc>
  </ItemGroup>
  <ItemGroup>
    
    
    
    
    
    
    
    
    
    
    <CustomBuild Include="debug\moc_predefs.h.cbt">
      <Filter>Generated Files</Filter>
    </CustomBuild>
    <CustomBuild Include="release\moc_predefs.h.cbt">
      <Filter>Generated Files</Filter>
    </CustomBuild>
    
    
    
    
    
    
    
    
    
    
    
    
    
    
    
    
    
    
    
    
    
  </ItemGroup>
  <ItemGroup>
    <QtUic Include="emcwidget.ui">
      <Filter>Form Files</Filter>
    </QtUic>
  </ItemGroup>
</Project>