<?xml version="1.0" encoding="utf-8"?>
<Project xmlns="http://schemas.microsoft.com/developer/msbuild/2003">
  <ItemGroup>
    <Filter Include="Generated Files">
      <UniqueIdentifier>{71ED8ED8-ACB9-4CE9-BBE1-E00B30144E11}</UniqueIdentifier>
      <Extensions>cpp;c;cxx;moc;h;def;odl;idl;res;</Extensions>
    </Filter>
    <Filter Include="Generated Files">
      <UniqueIdentifier>{71ED8ED8-ACB9-4CE9-BBE1-E00B30144E11}</UniqueIdentifier>
      <Extensions>cpp;c;cxx;moc;h;def;odl;idl;res;</Extensions>
    </Filter>
    <Filter Include="Header Files">
      <UniqueIdentifier>{93995380-89BD-4b04-88EB-625FBE52EBFB}</UniqueIdentifier>
      <Extensions>h;hpp;hxx;hm;inl;inc;xsd</Extensions>
    </Filter>
    <Filter Include="Header Files">
      <UniqueIdentifier>{93995380-89BD-4b04-88EB-625FBE52EBFB}</UniqueIdentifier>
      <Extensions>h;hpp;hxx;hm;inl;inc;xsd</Extensions>
    </Filter>
    <Filter Include="Source Files">
      <UniqueIdentifier>{4FC737F1-C7A5-4376-A066-2A32D752A2FF}</UniqueIdentifier>
      <Extensions>cpp;c;cxx;def;odl;idl;hpj;bat;asm;asmx</Extensions>
    </Filter>
    <Filter Include="Source Files">
      <UniqueIdentifier>{4FC737F1-C7A5-4376-A066-2A32D752A2FF}</UniqueIdentifier>
      <Extensions>cpp;c;cxx;def;odl;idl;hpj;bat;asm;asmx</Extensions>
    </Filter>
  </ItemGroup>
  <ItemGroup>
    <ClCompile Include="core_global.cpp">
      <Filter>Source Files</Filter>
    </ClCompile>
    <ClCompile Include="saction.cpp">
      <Filter>Source Files</Filter>
    </ClCompile>
    <ClCompile Include="sactionforjs.cpp">
      <Filter>Source Files</Filter>
    </ClCompile>
    <ClCompile Include="scommunication.cpp">
      <Filter>Source Files</Filter>
    </ClCompile>
    <ClCompile Include="sevent.cpp">
      <Filter>Source Files</Filter>
    </ClCompile>
    <ClCompile Include="smainwindow.cpp">
      <Filter>Source Files</Filter>
    </ClCompile>
    <ClCompile Include="tool\smanagecontainerwidget.cpp">
      <Filter>Source Files</Filter>
    </ClCompile>
    <ClCompile Include="sobject.cpp">
      <Filter>Source Files</Filter>
    </ClCompile>
    <ClCompile Include="sproject.cpp">
      <Filter>Source Files</Filter>
    </ClCompile>
    <ClCompile Include="tool\sprojecttreewidget.cpp">
      <Filter>Source Files</Filter>
    </ClCompile>
    <ClCompile Include="tool\sselectplusgindlg.cpp">
      <Filter>Source Files</Filter>
    </ClCompile>
    <ClCompile Include="sthread.cpp">
      <Filter>Source Files</Filter>
    </ClCompile>
    <ClCompile Include="swidget.cpp">
      <Filter>Source Files</Filter>
    </ClCompile>
  </ItemGroup>
  <ItemGroup>
    <ClInclude Include="core_global.h">
      <Filter>Header Files</Filter>
    </ClInclude>
    <QtMoc Include="saction.h">
      <Filter>Header Files</Filter>
    </QtMoc>
    <QtMoc Include="sactionforjs.h">
      <Filter>Header Files</Filter>
    </QtMoc>
    <QtMoc Include="scommunication.h">
      <Filter>Header Files</Filter>
    </QtMoc>
    <ClInclude Include="sevent.h">
      <Filter>Header Files</Filter>
    </ClInclude>
    <QtMoc Include="smainwindow.h">
      <Filter>Header Files</Filter>
    </QtMoc>
    <QtMoc Include="tool\smanagecontainerwidget.h">
      <Filter>Header Files</Filter>
    </QtMoc>
    <QtMoc Include="sobject.h">
      <Filter>Header Files</Filter>
    </QtMoc>
    <QtMoc Include="sproject.h">
      <Filter>Header Files</Filter>
    </QtMoc>
    <QtMoc Include="tool\sprojecttreewidget.h">
      <Filter>Header Files</Filter>
    </QtMoc>
    <ClInclude Include="tool\ssafedata.h">
      <Filter>Header Files</Filter>
    </ClInclude>
    <QtMoc Include="tool\sselectplusgindlg.h">
      <Filter>Header Files</Filter>
    </QtMoc>
    <QtMoc Include="sthread.h">
      <Filter>Header Files</Filter>
    </QtMoc>
    <QtMoc Include="swidget.h">
      <Filter>Header Files</Filter>
    </QtMoc>
  </ItemGroup>
  <ItemGroup>
    <CustomBuild Include="debug\moc_predefs.h.cbt">
      <Filter>Generated Files</Filter>
    </CustomBuild>
    <CustomBuild Include="release\moc_predefs.h.cbt">
      <Filter>Generated Files</Filter>
    </CustomBuild>
    
    
    
    
    
    
    
    
    
    
    
    
    
    
    
    
    
    
    
    
    
    
  </ItemGroup>
</Project>